
Microsoft Visual Studio Solution File, Format Version 12.00
# Visual Studio Version 16
VisualStudioVersion = 16.0.30517.126
MinimumVisualStudioVersion = 10.0.40219.1
Project("{FAE04EC0-301F-11D3-BF4B-00C04F79EFBC}") = "FlappyBird", "FlappyBird\FlappyBird.csproj", "{BFEAAA57-888B-4DA4-98AB-CE01D6E72F95}"
EndProject
Global
	GlobalSection(SolutionConfigurationPlatforms) = preSolution
		Debug|Any CPU = Debug|Any CPU
		Release|Any CPU = Release|Any CPU
	EndGlobalSection
	GlobalSection(ProjectConfigurationPlatforms) = postSolution
		{BFEAAA57-888B-4DA4-98AB-CE01D6E72F95}.Debug|Any CPU.ActiveCfg = Debug|Any CPU
		{BFEAAA57-888B-4DA4-98AB-CE01D6E72F95}.Debug|Any CPU.Build.0 = Debug|Any CPU
		{BFEAAA57-888B-4DA4-98AB-CE01D6E72F95}.Release|Any CPU.ActiveCfg = Release|Any CPU
		{BFEAAA57-888B-4DA4-98AB-CE01D6E72F95}.Release|Any CPU.Build.0 = Release|Any CPU
	EndGlobalSection
	GlobalSection(SolutionProperties) = preSolution
		HideSolutionNode = FALSE
	EndGlobalSection
	GlobalSection(ExtensibilityGlobals) = postSolution
		SolutionGuid = {2F7B8A7F-4401-4896-8822-6F56C47761F4}
	EndGlobalSection
EndGlobal
